
Microsoft Visual Studio Solution File, Format Version 12.00
# Visual Studio 15
VisualStudioVersion = 15.0.28307.1209
MinimumVisualStudioVersion = 10.0.40219.1
Project("{2150E333-8FDC-42A3-9474-1A3956D46DE8}") = "Contact", "Contact", "{8A1B5825-C008-43FB-BEA7-1EBBDAB1D0DF}"
EndProject
Project("{2150E333-8FDC-42A3-9474-1A3956D46DE8}") = "Inventory", "Inventory", "{24A2308E-0467-4DAB-8352-F2A6E722BB60}"
EndProject
Project("{FAE04EC0-301F-11D3-BF4B-00C04F79EFBC}") = "DAL", "Inventory\DAL\DAL.csproj", "{A83C2D84-5E07-4FAD-8541-8DAA3706C80E}"
EndProject
Project("{FAE04EC0-301F-11D3-BF4B-00C04F79EFBC}") = "BLL", "Inventory\BLL\BLL.csproj", "{8CC7CB08-B8F7-4F8A-8061-2554BC75C4B7}"
EndProject
Project("{FAE04EC0-301F-11D3-BF4B-00C04F79EFBC}") = "Model", "Inventory\Models\Model.csproj", "{E13C1346-AAB4-488F-80AE-BC443190D3B3}"
EndProject
Project("{2150E333-8FDC-42A3-9474-1A3956D46DE8}") = "Core", "Core", "{6D8DF47D-2FAA-4448-8BA9-745905821F2E}"
EndProject
Project("{FAE04EC0-301F-11D3-BF4B-00C04F79EFBC}") = "UI", "Inventory\Inventory\UI.csproj", "{48E84E46-9E11-4A97-BE31-B67235FE408C}"
EndProject
Project("{2150E333-8FDC-42A3-9474-1A3956D46DE8}") = "Common", "Common", "{EC76D478-5D9C-45A3-BFEE-D8D197DF4CB3}"
EndProject
Project("{2150E333-8FDC-42A3-9474-1A3956D46DE8}") = "SystemManagement", "SystemManagement", "{B5349FFC-398E-440A-A945-A4B11202A5BD}"
EndProject
Project("{FAE04EC0-301F-11D3-BF4B-00C04F79EFBC}") = "UI", "SystemManagement\UI\UI.csproj", "{E9861C88-49B6-4563-A938-6CB3AA57B92B}"
EndProject
Project("{FAE04EC0-301F-11D3-BF4B-00C04F79EFBC}") = "BLL", "SystemManagement\BLL\BLL.csproj", "{27D06BDE-C64F-44D4-ADE3-39865AEEA6F4}"
EndProject
Project("{FAE04EC0-301F-11D3-BF4B-00C04F79EFBC}") = "DAl", "SystemManagement\DAL\DAl.csproj", "{5B44EE13-F475-4E7A-BD39-C47CF7E20EED}"
EndProject
Project("{FAE04EC0-301F-11D3-BF4B-00C04F79EFBC}") = "DAL", "Core\DAL\DAL.csproj", "{4FF48014-6A98-4BE6-B402-54A4B08DB8C4}"
EndProject
Project("{FAE04EC0-301F-11D3-BF4B-00C04F79EFBC}") = "BLL", "Core\BLL\BLL.csproj", "{1494B6C8-4177-4635-918B-D2B13BC108CF}"
EndProject
Project("{FAE04EC0-301F-11D3-BF4B-00C04F79EFBC}") = "UI", "Core\UI\UI.csproj", "{B286A8F2-C377-4AF6-BF52-6AC6ADDE9533}"
EndProject
Project("{FAE04EC0-301F-11D3-BF4B-00C04F79EFBC}") = "Model", "Contact\Model\Model.csproj", "{81D58616-D160-4BF6-A150-18C3CFB14605}"
EndProject
Project("{FAE04EC0-301F-11D3-BF4B-00C04F79EFBC}") = "DAL", "Contact\DAL\DAL.csproj", "{747F1C5F-1DCB-4168-A2A9-D6D1870B4AA4}"
EndProject
Project("{FAE04EC0-301F-11D3-BF4B-00C04F79EFBC}") = "BLL", "Contact\BLL\BLL.csproj", "{3DAFC294-B502-41A5-9F6D-5ED68C284610}"
EndProject
Project("{FAE04EC0-301F-11D3-BF4B-00C04F79EFBC}") = "UI", "Contact\UI\UI.csproj", "{09816C11-2D9B-463C-A820-290A8EDC5B79}"
EndProject
Project("{FAE04EC0-301F-11D3-BF4B-00C04F79EFBC}") = "Common", "Common\Common\Common.csproj", "{4F16BAEF-9495-4CCF-87E4-FCC6F88254C7}"
EndProject
Project("{FAE04EC0-301F-11D3-BF4B-00C04F79EFBC}") = "Model", "SystemManagement\Model\Model.csproj", "{3686D2F6-E49F-436C-82A2-06396595FEB8}"
EndProject
Project("{FAE04EC0-301F-11D3-BF4B-00C04F79EFBC}") = "Model", "Core\Model\Model.csproj", "{D8B0B05D-51D8-41E6-9505-CC83495475D9}"
EndProject
Global
	GlobalSection(SolutionConfigurationPlatforms) = preSolution
		Debug|Any CPU = Debug|Any CPU
		Release|Any CPU = Release|Any CPU
	EndGlobalSection
	GlobalSection(ProjectConfigurationPlatforms) = postSolution
		{A83C2D84-5E07-4FAD-8541-8DAA3706C80E}.Debug|Any CPU.ActiveCfg = Debug|Any CPU
		{A83C2D84-5E07-4FAD-8541-8DAA3706C80E}.Debug|Any CPU.Build.0 = Debug|Any CPU
		{A83C2D84-5E07-4FAD-8541-8DAA3706C80E}.Release|Any CPU.ActiveCfg = Release|Any CPU
		{A83C2D84-5E07-4FAD-8541-8DAA3706C80E}.Release|Any CPU.Build.0 = Release|Any CPU
		{8CC7CB08-B8F7-4F8A-8061-2554BC75C4B7}.Debug|Any CPU.ActiveCfg = Debug|Any CPU
		{8CC7CB08-B8F7-4F8A-8061-2554BC75C4B7}.Debug|Any CPU.Build.0 = Debug|Any CPU
		{8CC7CB08-B8F7-4F8A-8061-2554BC75C4B7}.Release|Any CPU.ActiveCfg = Release|Any CPU
		{8CC7CB08-B8F7-4F8A-8061-2554BC75C4B7}.Release|Any CPU.Build.0 = Release|Any CPU
		{E13C1346-AAB4-488F-80AE-BC443190D3B3}.Debug|Any CPU.ActiveCfg = Debug|Any CPU
		{E13C1346-AAB4-488F-80AE-BC443190D3B3}.Debug|Any CPU.Build.0 = Debug|Any CPU
		{E13C1346-AAB4-488F-80AE-BC443190D3B3}.Release|Any CPU.ActiveCfg = Release|Any CPU
		{E13C1346-AAB4-488F-80AE-BC443190D3B3}.Release|Any CPU.Build.0 = Release|Any CPU
		{48E84E46-9E11-4A97-BE31-B67235FE408C}.Debug|Any CPU.ActiveCfg = Debug|Any CPU
		{48E84E46-9E11-4A97-BE31-B67235FE408C}.Debug|Any CPU.Build.0 = Debug|Any CPU
		{48E84E46-9E11-4A97-BE31-B67235FE408C}.Release|Any CPU.ActiveCfg = Release|Any CPU
		{48E84E46-9E11-4A97-BE31-B67235FE408C}.Release|Any CPU.Build.0 = Release|Any CPU
		{E9861C88-49B6-4563-A938-6CB3AA57B92B}.Debug|Any CPU.ActiveCfg = Debug|Any CPU
		{E9861C88-49B6-4563-A938-6CB3AA57B92B}.Debug|Any CPU.Build.0 = Debug|Any CPU
		{E9861C88-49B6-4563-A938-6CB3AA57B92B}.Release|Any CPU.ActiveCfg = Release|Any CPU
		{E9861C88-49B6-4563-A938-6CB3AA57B92B}.Release|Any CPU.Build.0 = Release|Any CPU
		{27D06BDE-C64F-44D4-ADE3-39865AEEA6F4}.Debug|Any CPU.ActiveCfg = Debug|Any CPU
		{27D06BDE-C64F-44D4-ADE3-39865AEEA6F4}.Debug|Any CPU.Build.0 = Debug|Any CPU
		{27D06BDE-C64F-44D4-ADE3-39865AEEA6F4}.Release|Any CPU.ActiveCfg = Release|Any CPU
		{27D06BDE-C64F-44D4-ADE3-39865AEEA6F4}.Release|Any CPU.Build.0 = Release|Any CPU
		{5B44EE13-F475-4E7A-BD39-C47CF7E20EED}.Debug|Any CPU.ActiveCfg = Debug|Any CPU
		{5B44EE13-F475-4E7A-BD39-C47CF7E20EED}.Debug|Any CPU.Build.0 = Debug|Any CPU
		{5B44EE13-F475-4E7A-BD39-C47CF7E20EED}.Release|Any CPU.ActiveCfg = Release|Any CPU
		{5B44EE13-F475-4E7A-BD39-C47CF7E20EED}.Release|Any CPU.Build.0 = Release|Any CPU
		{4FF48014-6A98-4BE6-B402-54A4B08DB8C4}.Debug|Any CPU.ActiveCfg = Debug|Any CPU
		{4FF48014-6A98-4BE6-B402-54A4B08DB8C4}.Debug|Any CPU.Build.0 = Debug|Any CPU
		{4FF48014-6A98-4BE6-B402-54A4B08DB8C4}.Release|Any CPU.ActiveCfg = Release|Any CPU
		{4FF48014-6A98-4BE6-B402-54A4B08DB8C4}.Release|Any CPU.Build.0 = Release|Any CPU
		{1494B6C8-4177-4635-918B-D2B13BC108CF}.Debug|Any CPU.ActiveCfg = Debug|Any CPU
		{1494B6C8-4177-4635-918B-D2B13BC108CF}.Debug|Any CPU.Build.0 = Debug|Any CPU
		{1494B6C8-4177-4635-918B-D2B13BC108CF}.Release|Any CPU.ActiveCfg = Release|Any CPU
		{1494B6C8-4177-4635-918B-D2B13BC108CF}.Release|Any CPU.Build.0 = Release|Any CPU
		{B286A8F2-C377-4AF6-BF52-6AC6ADDE9533}.Debug|Any CPU.ActiveCfg = Debug|Any CPU
		{B286A8F2-C377-4AF6-BF52-6AC6ADDE9533}.Debug|Any CPU.Build.0 = Debug|Any CPU
		{B286A8F2-C377-4AF6-BF52-6AC6ADDE9533}.Release|Any CPU.ActiveCfg = Release|Any CPU
		{B286A8F2-C377-4AF6-BF52-6AC6ADDE9533}.Release|Any CPU.Build.0 = Release|Any CPU
		{81D58616-D160-4BF6-A150-18C3CFB14605}.Debug|Any CPU.ActiveCfg = Debug|Any CPU
		{81D58616-D160-4BF6-A150-18C3CFB14605}.Debug|Any CPU.Build.0 = Debug|Any CPU
		{81D58616-D160-4BF6-A150-18C3CFB14605}.Release|Any CPU.ActiveCfg = Release|Any CPU
		{81D58616-D160-4BF6-A150-18C3CFB14605}.Release|Any CPU.Build.0 = Release|Any CPU
		{747F1C5F-1DCB-4168-A2A9-D6D1870B4AA4}.Debug|Any CPU.ActiveCfg = Debug|Any CPU
		{747F1C5F-1DCB-4168-A2A9-D6D1870B4AA4}.Debug|Any CPU.Build.0 = Debug|Any CPU
		{747F1C5F-1DCB-4168-A2A9-D6D1870B4AA4}.Release|Any CPU.ActiveCfg = Release|Any CPU
		{747F1C5F-1DCB-4168-A2A9-D6D1870B4AA4}.Release|Any CPU.Build.0 = Release|Any CPU
		{3DAFC294-B502-41A5-9F6D-5ED68C284610}.Debug|Any CPU.ActiveCfg = Debug|Any CPU
		{3DAFC294-B502-41A5-9F6D-5ED68C284610}.Debug|Any CPU.Build.0 = Debug|Any CPU
		{3DAFC294-B502-41A5-9F6D-5ED68C284610}.Release|Any CPU.ActiveCfg = Release|Any CPU
		{3DAFC294-B502-41A5-9F6D-5ED68C284610}.Release|Any CPU.Build.0 = Release|Any CPU
		{09816C11-2D9B-463C-A820-290A8EDC5B79}.Debug|Any CPU.ActiveCfg = Debug|Any CPU
		{09816C11-2D9B-463C-A820-290A8EDC5B79}.Debug|Any CPU.Build.0 = Debug|Any CPU
		{09816C11-2D9B-463C-A820-290A8EDC5B79}.Release|Any CPU.ActiveCfg = Release|Any CPU
		{09816C11-2D9B-463C-A820-290A8EDC5B79}.Release|Any CPU.Build.0 = Release|Any CPU
		{4F16BAEF-9495-4CCF-87E4-FCC6F88254C7}.Debug|Any CPU.ActiveCfg = Debug|Any CPU
		{4F16BAEF-9495-4CCF-87E4-FCC6F88254C7}.Debug|Any CPU.Build.0 = Debug|Any CPU
		{4F16BAEF-9495-4CCF-87E4-FCC6F88254C7}.Release|Any CPU.ActiveCfg = Release|Any CPU
		{4F16BAEF-9495-4CCF-87E4-FCC6F88254C7}.Release|Any CPU.Build.0 = Release|Any CPU
		{3686D2F6-E49F-436C-82A2-06396595FEB8}.Debug|Any CPU.ActiveCfg = Debug|Any CPU
		{3686D2F6-E49F-436C-82A2-06396595FEB8}.Debug|Any CPU.Build.0 = Debug|Any CPU
		{3686D2F6-E49F-436C-82A2-06396595FEB8}.Release|Any CPU.ActiveCfg = Release|Any CPU
		{3686D2F6-E49F-436C-82A2-06396595FEB8}.Release|Any CPU.Build.0 = Release|Any CPU
		{D8B0B05D-51D8-41E6-9505-CC83495475D9}.Debug|Any CPU.ActiveCfg = Debug|Any CPU
		{D8B0B05D-51D8-41E6-9505-CC83495475D9}.Debug|Any CPU.Build.0 = Debug|Any CPU
		{D8B0B05D-51D8-41E6-9505-CC83495475D9}.Release|Any CPU.ActiveCfg = Release|Any CPU
		{D8B0B05D-51D8-41E6-9505-CC83495475D9}.Release|Any CPU.Build.0 = Release|Any CPU
	EndGlobalSection
	GlobalSection(SolutionProperties) = preSolution
		HideSolutionNode = FALSE
	EndGlobalSection
	GlobalSection(NestedProjects) = preSolution
		{A83C2D84-5E07-4FAD-8541-8DAA3706C80E} = {24A2308E-0467-4DAB-8352-F2A6E722BB60}
		{8CC7CB08-B8F7-4F8A-8061-2554BC75C4B7} = {24A2308E-0467-4DAB-8352-F2A6E722BB60}
		{E13C1346-AAB4-488F-80AE-BC443190D3B3} = {24A2308E-0467-4DAB-8352-F2A6E722BB60}
		{48E84E46-9E11-4A97-BE31-B67235FE408C} = {24A2308E-0467-4DAB-8352-F2A6E722BB60}
		{E9861C88-49B6-4563-A938-6CB3AA57B92B} = {B5349FFC-398E-440A-A945-A4B11202A5BD}
		{27D06BDE-C64F-44D4-ADE3-39865AEEA6F4} = {B5349FFC-398E-440A-A945-A4B11202A5BD}
		{5B44EE13-F475-4E7A-BD39-C47CF7E20EED} = {B5349FFC-398E-440A-A945-A4B11202A5BD}
		{4FF48014-6A98-4BE6-B402-54A4B08DB8C4} = {6D8DF47D-2FAA-4448-8BA9-745905821F2E}
		{1494B6C8-4177-4635-918B-D2B13BC108CF} = {6D8DF47D-2FAA-4448-8BA9-745905821F2E}
		{B286A8F2-C377-4AF6-BF52-6AC6ADDE9533} = {6D8DF47D-2FAA-4448-8BA9-745905821F2E}
		{81D58616-D160-4BF6-A150-18C3CFB14605} = {8A1B5825-C008-43FB-BEA7-1EBBDAB1D0DF}
		{747F1C5F-1DCB-4168-A2A9-D6D1870B4AA4} = {8A1B5825-C008-43FB-BEA7-1EBBDAB1D0DF}
		{3DAFC294-B502-41A5-9F6D-5ED68C284610} = {8A1B5825-C008-43FB-BEA7-1EBBDAB1D0DF}
		{09816C11-2D9B-463C-A820-290A8EDC5B79} = {8A1B5825-C008-43FB-BEA7-1EBBDAB1D0DF}
		{4F16BAEF-9495-4CCF-87E4-FCC6F88254C7} = {EC76D478-5D9C-45A3-BFEE-D8D197DF4CB3}
		{3686D2F6-E49F-436C-82A2-06396595FEB8} = {B5349FFC-398E-440A-A945-A4B11202A5BD}
		{D8B0B05D-51D8-41E6-9505-CC83495475D9} = {6D8DF47D-2FAA-4448-8BA9-745905821F2E}
	EndGlobalSection
	GlobalSection(ExtensibilityGlobals) = postSolution
		SolutionGuid = {710B2294-A04D-44FC-A8E4-9867E3235D0E}
	EndGlobalSection
EndGlobal
